
Microsoft Visual Studio Solution File, Format Version 12.00
# Visual Studio 15
VisualStudioVersion = 15.0.28010.2041
MinimumVisualStudioVersion = 10.0.40219.1
Project("{9A19103F-16F7-4668-BE54-9A1E7A4F7556}") = "RestTestWebApi", "RestTestWebApi\RestTestWebApi.csproj", "{D46279D0-131D-40FD-AFB0-FDEBA1872C17}"
EndProject
Project("{E53339B2-1760-4266-BCC7-CA923CBCF16C}") = "docker-compose", "docker-compose.dcproj", "{7A495BF0-9C4A-4E80-896F-61A024BCA9A6}"
EndProject
Global
	GlobalSection(SolutionConfigurationPlatforms) = preSolution
		Debug|Any CPU = Debug|Any CPU
		Release|Any CPU = Release|Any CPU
	EndGlobalSection
	GlobalSection(ProjectConfigurationPlatforms) = postSolution
		{D46279D0-131D-40FD-AFB0-FDEBA1872C17}.Debug|Any CPU.ActiveCfg = Debug|Any CPU
		{D46279D0-131D-40FD-AFB0-FDEBA1872C17}.Debug|Any CPU.Build.0 = Debug|Any CPU
		{D46279D0-131D-40FD-AFB0-FDEBA1872C17}.Release|Any CPU.ActiveCfg = Release|Any CPU
		{D46279D0-131D-40FD-AFB0-FDEBA1872C17}.Release|Any CPU.Build.0 = Release|Any CPU
		{7A495BF0-9C4A-4E80-896F-61A024BCA9A6}.Debug|Any CPU.ActiveCfg = Debug|Any CPU
		{7A495BF0-9C4A-4E80-896F-61A024BCA9A6}.Debug|Any CPU.Build.0 = Debug|Any CPU
		{7A495BF0-9C4A-4E80-896F-61A024BCA9A6}.Release|Any CPU.ActiveCfg = Release|Any CPU
		{7A495BF0-9C4A-4E80-896F-61A024BCA9A6}.Release|Any CPU.Build.0 = Release|Any CPU
	EndGlobalSection
	GlobalSection(SolutionProperties) = preSolution
		HideSolutionNode = FALSE
	EndGlobalSection
	GlobalSection(ExtensibilityGlobals) = postSolution
		SolutionGuid = {A1D297AB-DD7E-47AF-BAAB-9950E0E12A86}
	EndGlobalSection
EndGlobal
